{
  "nodes": {
    "nixpkgs": {
      "locked": {
        "lastModified": 1707141250,
        "narHash": "sha256-oVZVbGkKVPGdBVKXPh56zlPmsVeyrXJERcKe6tIUAM4=",
        "owner": "NixOS",
        "repo": "nixpkgs",
        "rev": "fec083a6a615cc5201cd386145cf1dbc0aa50098",
        "type": "github"
      },
      "original": {
        "owner": "NixOS",
        "ref": "release-23.11",
        "repo": "nixpkgs",
        "type": "github"
      }
    },
    "root": {
      "inputs": {
        "nixpkgs": "nixpkgs"
      }
    }
  },
  "root": "root",
  "version": 7
}
